{
  "name": "sentry-setup",
  "version": "1.0.0",
  "lockfileVersion": 3,
  "requires": true,
  "packages": {
    "": {
      "name": "sentry-setup",
      "version": "1.0.0",
      "license": "ISC",
      "dependencies": {
        "@sentry/react": "^8.30.0"
      }
    },
    "node_modules/@sentry-internal/browser-utils": {
      "version": "8.30.0",
      "resolved": "https://registry.npmjs.org/@sentry-internal/browser-utils/-/browser-utils-8.30.0.tgz",
      "integrity": "sha512-pwX+awNWaxSOAsBLVLqc1+Hw+Fm1Nci9mbKFA6Ed5YzCG049PnBVQwugpmx2dcyyCqJpORhcIqb9jHdCkYmCiA==",
      "dependencies": {
        "@sentry/core": "8.30.0",
        "@sentry/types": "8.30.0",
        "@sentry/utils": "8.30.0"
      },
      "engines": {
        "node": ">=14.18"
      }
    },
    "node_modules/@sentry-internal/feedback": {
      "version": "8.30.0",
      "resolved": "https://registry.npmjs.org/@sentry-internal/feedback/-/feedback-8.30.0.tgz",
      "integrity": "sha512-ParFRxQY6helxkwUDmro77Wc5uSIC6rZos88jYMrYwFmoTJaNWf4lDzPyECfdSiSYyzSMZk4dorSUN85Ul7DCg==",
      "dependencies": {
        "@sentry/core": "8.30.0",
        "@sentry/types": "8.30.0",
        "@sentry/utils": "8.30.0"
      },
      "engines": {
        "node": ">=14.18"
      }
    },
    "node_modules/@sentry-internal/replay": {
      "version": "8.30.0",
      "resolved": "https://registry.npmjs.org/@sentry-internal/replay/-/replay-8.30.0.tgz",
      "integrity": "sha512-/KFre+BrovPCiovgAu5N1ErJtkDVzkJA5hV3Jw011AlxRWxrmPwu6+9sV9/rn3tqYAGyq6IggYqeIOHhLh1Ihg==",
      "dependencies": {
        "@sentry-internal/browser-utils": "8.30.0",
        "@sentry/core": "8.30.0",
        "@sentry/types": "8.30.0",
        "@sentry/utils": "8.30.0"
      },
      "engines": {
        "node": ">=14.18"
      }
    },
    "node_modules/@sentry-internal/replay-canvas": {
      "version": "8.30.0",
      "resolved": "https://registry.npmjs.org/@sentry-internal/replay-canvas/-/replay-canvas-8.30.0.tgz",
      "integrity": "sha512-y/QqcvchhtMlVA6eOZicIfTxtZarazQZJuFW0018ynPxBTiuuWSxMCLqduulXUYsFejfD8/eKHb3BpCIFdDYjg==",
      "dependencies": {
        "@sentry-internal/replay": "8.30.0",
        "@sentry/core": "8.30.0",
        "@sentry/types": "8.30.0",
        "@sentry/utils": "8.30.0"
      },
      "engines": {
        "node": ">=14.18"
      }
    },
    "node_modules/@sentry/browser": {
      "version": "8.30.0",
      "resolved": "https://registry.npmjs.org/@sentry/browser/-/browser-8.30.0.tgz",
      "integrity": "sha512-M+tKqawH9S3CqlAIcqdZcHbcsNQkEa9MrPqPCYvXco3C4LRpNizJP2XwBiGQY2yK+fOSvbaWpPtlI938/wuRZQ==",
      "dependencies": {
        "@sentry-internal/browser-utils": "8.30.0",
        "@sentry-internal/feedback": "8.30.0",
        "@sentry-internal/replay": "8.30.0",
        "@sentry-internal/replay-canvas": "8.30.0",
        "@sentry/core": "8.30.0",
        "@sentry/types": "8.30.0",
        "@sentry/utils": "8.30.0"
      },
      "engines": {
        "node": ">=14.18"
      }
    },
    "node_modules/@sentry/core": {
      "version": "8.30.0",
      "resolved": "https://registry.npmjs.org/@sentry/core/-/core-8.30.0.tgz",
      "integrity": "sha512-CJ/FuWLw0QEKGKXGL/nm9eaOdajEcmPekLuHAuOCxID7N07R9l9laz3vFbAkUZ97GGDv3sYrJZgywfY3Moropg==",
      "dependencies": {
        "@sentry/types": "8.30.0",
        "@sentry/utils": "8.30.0"
      },
      "engines": {
        "node": ">=14.18"
      }
    },
    "node_modules/@sentry/react": {
      "version": "8.30.0",
      "resolved": "https://registry.npmjs.org/@sentry/react/-/react-8.30.0.tgz",
      "integrity": "sha512-ktQjXs87jdsxW0YrHci3sb6zcSzhMECWnrTVU/KGZF8UoDsk4P4xRCknijd2SSmDIjSkwzUAANR43UkCi4BTQg==",
      "dependencies": {
        "@sentry/browser": "8.30.0",
        "@sentry/core": "8.30.0",
        "@sentry/types": "8.30.0",
        "@sentry/utils": "8.30.0",
        "hoist-non-react-statics": "^3.3.2"
      },
      "engines": {
        "node": ">=14.18"
      },
      "peerDependencies": {
        "react": "^16.14.0 || 17.x || 18.x || 19.x"
      }
    },
    "node_modules/@sentry/types": {
      "version": "8.30.0",
      "resolved": "https://registry.npmjs.org/@sentry/types/-/types-8.30.0.tgz",
      "integrity": "sha512-kgWW2BCjBmVlSQRG32GonHEVyeDbys74xf9mLPvynwHTgw3+NUlNAlEdu05xnb2ow4bCTHfbkS5G1zRgyv5k4Q==",
      "engines": {
        "node": ">=14.18"
      }
    },
    "node_modules/@sentry/utils": {
      "version": "8.30.0",
      "resolved": "https://registry.npmjs.org/@sentry/utils/-/utils-8.30.0.tgz",
      "integrity": "sha512-wZxU2HWlzsnu8214Xy7S7cRIuD6h8Z5DnnkojJfX0i0NLooepZQk2824el1Q13AakLb7/S8CHSHXOMnCtoSduw==",
      "dependencies": {
        "@sentry/types": "8.30.0"
      },
      "engines": {
        "node": ">=14.18"
      }
    },
    "node_modules/hoist-non-react-statics": {
      "version": "3.3.2",
      "resolved": "https://registry.npmjs.org/hoist-non-react-statics/-/hoist-non-react-statics-3.3.2.tgz",
      "integrity": "sha512-/gGivxi8JPKWNm/W0jSmzcMPpfpPLc3dY/6GxhX2hQ9iGj3aDfklV4ET7NjKpSinLpJ5vafa9iiGIEZg10SfBw==",
      "dependencies": {
        "react-is": "^16.7.0"
      }
    },
    "node_modules/react-is": {
      "version": "16.13.1",
      "resolved": "https://registry.npmjs.org/react-is/-/react-is-16.13.1.tgz",
      "integrity": "sha512-24e6ynE2H+OKt4kqsOvNd8kBpV65zoxbA4BVsEOB3ARVWQki/DHzaUoC5KuON/BiccDaCCTZBuOcfZs70kR8bQ=="
    }
  }
}
